
Microsoft Visual Studio Solution File, Format Version 12.00
# Visual Studio Version 16
VisualStudioVersion = 16.0.31624.102
MinimumVisualStudioVersion = 10.0.40219.1
Project("{FAE04EC0-301F-11D3-BF4B-00C04F79EFBC}") = "ch11ex3", "ch11ex3\ch11ex3.csproj", "{C1FDA447-828A-43BA-A8E3-262CA2F9A26E}"
EndProject
Global
	GlobalSection(SolutionConfigurationPlatforms) = preSolution
		Debug|Any CPU = Debug|Any CPU
		Release|Any CPU = Release|Any CPU
	EndGlobalSection
	GlobalSection(ProjectConfigurationPlatforms) = postSolution
		{C1FDA447-828A-43BA-A8E3-262CA2F9A26E}.Debug|Any CPU.ActiveCfg = Debug|Any CPU
		{C1FDA447-828A-43BA-A8E3-262CA2F9A26E}.Debug|Any CPU.Build.0 = Debug|Any CPU
		{C1FDA447-828A-43BA-A8E3-262CA2F9A26E}.Release|Any CPU.ActiveCfg = Release|Any CPU
		{C1FDA447-828A-43BA-A8E3-262CA2F9A26E}.Release|Any CPU.Build.0 = Release|Any CPU
	EndGlobalSection
	GlobalSection(SolutionProperties) = preSolution
		HideSolutionNode = FALSE
	EndGlobalSection
	GlobalSection(ExtensibilityGlobals) = postSolution
		SolutionGuid = {8307480A-362E-48AC-BB92-7B8EB2B8108A}
	EndGlobalSection
EndGlobal
